
Microsoft Visual Studio Solution File, Format Version 10.00
# Visual Studio 2008
Project("{8BC9CEB8-8B4A-11D0-8D11-00A0C91BC942}") = "scummvm_ps3", "scummvm_ps3\scummvm_ps3.vcproj", "{72C650CB-AA46-4311-B35D-F3EE40DD82CC}"
EndProject
Global
	GlobalSection(SolutionConfigurationPlatforms) = preSolution
		PS3 Debug|Win32 = PS3 Debug|Win32
		PS3 Release|Win32 = PS3 Release|Win32
	EndGlobalSection
	GlobalSection(ProjectConfigurationPlatforms) = postSolution
		{72C650CB-AA46-4311-B35D-F3EE40DD82CC}.PS3 Debug|Win32.ActiveCfg = PS3 Debug|Win32
		{72C650CB-AA46-4311-B35D-F3EE40DD82CC}.PS3 Debug|Win32.Build.0 = PS3 Debug|Win32
		{72C650CB-AA46-4311-B35D-F3EE40DD82CC}.PS3 Release|Win32.ActiveCfg = PS3 Release|Win32
		{72C650CB-AA46-4311-B35D-F3EE40DD82CC}.PS3 Release|Win32.Build.0 = PS3 Release|Win32
	EndGlobalSection
	GlobalSection(SolutionProperties) = preSolution
		HideSolutionNode = FALSE
	EndGlobalSection
EndGlobal
